
Microsoft Visual Studio Solution File, Format Version 12.00
# Visual Studio 15
VisualStudioVersion = 15.0.28307.421
MinimumVisualStudioVersion = 10.0.40219.1
Project("{FAE04EC0-301F-11D3-BF4B-00C04F79EFBC}") = "Зала за танци", "Зала за танци\Зала за танци.csproj", "{81B6983F-F1ED-4AD8-AEC6-696D1E085577}"
EndProject
Global
	GlobalSection(SolutionConfigurationPlatforms) = preSolution
		Debug|Any CPU = Debug|Any CPU
		Release|Any CPU = Release|Any CPU
	EndGlobalSection
	GlobalSection(ProjectConfigurationPlatforms) = postSolution
		{81B6983F-F1ED-4AD8-AEC6-696D1E085577}.Debug|Any CPU.ActiveCfg = Debug|Any CPU
		{81B6983F-F1ED-4AD8-AEC6-696D1E085577}.Debug|Any CPU.Build.0 = Debug|Any CPU
		{81B6983F-F1ED-4AD8-AEC6-696D1E085577}.Release|Any CPU.ActiveCfg = Release|Any CPU
		{81B6983F-F1ED-4AD8-AEC6-696D1E085577}.Release|Any CPU.Build.0 = Release|Any CPU
	EndGlobalSection
	GlobalSection(SolutionProperties) = preSolution
		HideSolutionNode = FALSE
	EndGlobalSection
	GlobalSection(ExtensibilityGlobals) = postSolution
		SolutionGuid = {A07A3210-2C2C-45CC-9C1D-2DECB24016E5}
	EndGlobalSection
EndGlobal
