
Microsoft Visual Studio Solution File, Format Version 12.00
# Visual Studio 15
VisualStudioVersion = 15.0.28307.421
MinimumVisualStudioVersion = 10.0.40219.1
Project("{FAE04EC0-301F-11D3-BF4B-00C04F79EFBC}") = "USD към BGN", "USD към BGN\USD към BGN.csproj", "{BCC693E2-2FF8-46AB-8102-DE8B233639D6}"
EndProject
Global
	GlobalSection(SolutionConfigurationPlatforms) = preSolution
		Debug|Any CPU = Debug|Any CPU
		Release|Any CPU = Release|Any CPU
	EndGlobalSection
	GlobalSection(ProjectConfigurationPlatforms) = postSolution
		{BCC693E2-2FF8-46AB-8102-DE8B233639D6}.Debug|Any CPU.ActiveCfg = Debug|Any CPU
		{BCC693E2-2FF8-46AB-8102-DE8B233639D6}.Debug|Any CPU.Build.0 = Debug|Any CPU
		{BCC693E2-2FF8-46AB-8102-DE8B233639D6}.Release|Any CPU.ActiveCfg = Release|Any CPU
		{BCC693E2-2FF8-46AB-8102-DE8B233639D6}.Release|Any CPU.Build.0 = Release|Any CPU
	EndGlobalSection
	GlobalSection(SolutionProperties) = preSolution
		HideSolutionNode = FALSE
	EndGlobalSection
	GlobalSection(ExtensibilityGlobals) = postSolution
		SolutionGuid = {3835EC3E-67D8-45B3-BE2B-9155FC428C06}
	EndGlobalSection
EndGlobal
