
Microsoft Visual Studio Solution File, Format Version 12.00
# Visual Studio 15
VisualStudioVersion = 15.0.28307.572
MinimumVisualStudioVersion = 10.0.40219.1
Project("{FAE04EC0-301F-11D3-BF4B-00C04F79EFBC}") = "Oscars ceremony", "Oscars ceremony\Oscars ceremony.csproj", "{3A891EA5-B6CA-4BE2-B177-9856CC2FF417}"
EndProject
Project("{FAE04EC0-301F-11D3-BF4B-00C04F79EFBC}") = "Godzilla vs. Kong", "Godzilla vs. Kong\Godzilla vs. Kong.csproj", "{7FF5B1E8-0C97-4685-94AB-0FB146A17B7C}"
EndProject
Project("{FAE04EC0-301F-11D3-BF4B-00C04F79EFBC}") = "Oscars week in cinema", "Oscars week in cinema\Oscars week in cinema.csproj", "{B3E6D782-1900-48A0-8AE2-20ECC9B21098}"
EndProject
Project("{FAE04EC0-301F-11D3-BF4B-00C04F79EFBC}") = "Cinema Voucher", "Cinema Voucher\Cinema Voucher.csproj", "{B0DDDE3E-9DAC-43B7-A067-624973B52C42}"
EndProject
Project("{FAE04EC0-301F-11D3-BF4B-00C04F79EFBC}") = "Movie Ratings", "Movie Ratings\Movie Ratings.csproj", "{9BB8EBB1-76B8-40EC-ACC3-1BBADE8B1257}"
EndProject
Project("{FAE04EC0-301F-11D3-BF4B-00C04F79EFBC}") = "Cinema Tickets", "Cinema Tickets\Cinema Tickets.csproj", "{65F1E702-E39D-4B3F-9F33-605D64EA6CB4}"
EndProject
Global
	GlobalSection(SolutionConfigurationPlatforms) = preSolution
		Debug|Any CPU = Debug|Any CPU
		Release|Any CPU = Release|Any CPU
	EndGlobalSection
	GlobalSection(ProjectConfigurationPlatforms) = postSolution
		{3A891EA5-B6CA-4BE2-B177-9856CC2FF417}.Debug|Any CPU.ActiveCfg = Debug|Any CPU
		{3A891EA5-B6CA-4BE2-B177-9856CC2FF417}.Debug|Any CPU.Build.0 = Debug|Any CPU
		{3A891EA5-B6CA-4BE2-B177-9856CC2FF417}.Release|Any CPU.ActiveCfg = Release|Any CPU
		{3A891EA5-B6CA-4BE2-B177-9856CC2FF417}.Release|Any CPU.Build.0 = Release|Any CPU
		{7FF5B1E8-0C97-4685-94AB-0FB146A17B7C}.Debug|Any CPU.ActiveCfg = Debug|Any CPU
		{7FF5B1E8-0C97-4685-94AB-0FB146A17B7C}.Debug|Any CPU.Build.0 = Debug|Any CPU
		{7FF5B1E8-0C97-4685-94AB-0FB146A17B7C}.Release|Any CPU.ActiveCfg = Release|Any CPU
		{7FF5B1E8-0C97-4685-94AB-0FB146A17B7C}.Release|Any CPU.Build.0 = Release|Any CPU
		{B3E6D782-1900-48A0-8AE2-20ECC9B21098}.Debug|Any CPU.ActiveCfg = Debug|Any CPU
		{B3E6D782-1900-48A0-8AE2-20ECC9B21098}.Debug|Any CPU.Build.0 = Debug|Any CPU
		{B3E6D782-1900-48A0-8AE2-20ECC9B21098}.Release|Any CPU.ActiveCfg = Release|Any CPU
		{B3E6D782-1900-48A0-8AE2-20ECC9B21098}.Release|Any CPU.Build.0 = Release|Any CPU
		{B0DDDE3E-9DAC-43B7-A067-624973B52C42}.Debug|Any CPU.ActiveCfg = Debug|Any CPU
		{B0DDDE3E-9DAC-43B7-A067-624973B52C42}.Debug|Any CPU.Build.0 = Debug|Any CPU
		{B0DDDE3E-9DAC-43B7-A067-624973B52C42}.Release|Any CPU.ActiveCfg = Release|Any CPU
		{B0DDDE3E-9DAC-43B7-A067-624973B52C42}.Release|Any CPU.Build.0 = Release|Any CPU
		{9BB8EBB1-76B8-40EC-ACC3-1BBADE8B1257}.Debug|Any CPU.ActiveCfg = Debug|Any CPU
		{9BB8EBB1-76B8-40EC-ACC3-1BBADE8B1257}.Debug|Any CPU.Build.0 = Debug|Any CPU
		{9BB8EBB1-76B8-40EC-ACC3-1BBADE8B1257}.Release|Any CPU.ActiveCfg = Release|Any CPU
		{9BB8EBB1-76B8-40EC-ACC3-1BBADE8B1257}.Release|Any CPU.Build.0 = Release|Any CPU
		{65F1E702-E39D-4B3F-9F33-605D64EA6CB4}.Debug|Any CPU.ActiveCfg = Debug|Any CPU
		{65F1E702-E39D-4B3F-9F33-605D64EA6CB4}.Debug|Any CPU.Build.0 = Debug|Any CPU
		{65F1E702-E39D-4B3F-9F33-605D64EA6CB4}.Release|Any CPU.ActiveCfg = Release|Any CPU
		{65F1E702-E39D-4B3F-9F33-605D64EA6CB4}.Release|Any CPU.Build.0 = Release|Any CPU
	EndGlobalSection
	GlobalSection(SolutionProperties) = preSolution
		HideSolutionNode = FALSE
	EndGlobalSection
	GlobalSection(ExtensibilityGlobals) = postSolution
		SolutionGuid = {02C7F56D-F9B5-4C75-BBE5-74D650ECC1A3}
	EndGlobalSection
EndGlobal
